Microsoft Visual Studio Solution File, Format Version 12.00
# Visual Studio 15
VisualStudioVersion = 15.0.26430.12
MinimumVisualStudioVersion = 10.0.40219.1
Project("{2150E333-8FDC-42A3-9474-1A3956D46DE8}") = "0 - Source", "0 - Source", "{6EC73FDF-1C44-49C6-8C6C-8B43DA80B7C5}"
EndProject
Project("{2150E333-8FDC-42A3-9474-1A3956D46DE8}") = "1 - Tests", "1 - Tests", "{A1EB7A33-AFB0-490F-B077-CA3FE55FDAE0}"
EndProject
Project("{2150E333-8FDC-42A3-9474-1A3956D46DE8}") = "2 - Nuget", "2 - Nuget", "{490E3913-25EF-4F25-B334-2FB1E69DAD68}"
EndProject
Project("{2150E333-8FDC-42A3-9474-1A3956D46DE8}") = "0.1 - Core", "0.1 - Core", "{A6BD891E-61BA-4053-B163-F9CA403206D5}"
EndProject
Project("{2150E333-8FDC-42A3-9474-1A3956D46DE8}") = "0.1 - Google Maps", "0.1 - Google Maps", "{19836A98-7F91-4EDC-9AA2-2AD53DDF69F0}"
EndProject
Project("{2150E333-8FDC-42A3-9474-1A3956D46DE8}") = "0.2 - MapQuest", "0.2 - MapQuest", "{19A7C7AE-B073-4A05-8D5B-8D62ED0C2494}"
EndProject
Project("{2150E333-8FDC-42A3-9474-1A3956D46DE8}") = "0.3 - Bing", "0.3 - Bing", "{B4E0F5F5-ADCC-4607-8C1B-4E1561D1A1AE}"
EndProject
Project("{2150E333-8FDC-42A3-9474-1A3956D46DE8}") = "1.1 - Google Maps", "1.1 - Google Maps", "{269D4895-39BE-49B1-95AD-809C248119DF}"
EndProject
Project("{2150E333-8FDC-42A3-9474-1A3956D46DE8}") = "1.2 - MapQuest", "1.2 - MapQuest", "{BC6996B2-B63B-4381-B0B3-733F8C1DA047}"
EndProject
Project("{2150E333-8FDC-42A3-9474-1A3956D46DE8}") = "1.3 - Bing", "1.3 - Bing", "{ABEBF76A-751E-43A3-AD5F-C7E233689B64}"
EndProject
Project("{FAE04EC0-301F-11D3-BF4B-00C04F79EFBC}") = "GeoCodion", "GeoCodion\GeoCodion.csproj", "{C7A89D48-E9CA-4A15-B73F-1171BB0B1C05}"
EndProject
Project("{2150E333-8FDC-42A3-9474-1A3956D46DE8}") = "2.0 - Core", "2.0 - Core", "{57713F89-F23B-4005-8821-9356F8EBA683}"
EndProject
Project("{2150E333-8FDC-42A3-9474-1A3956D46DE8}") = "2.1 - Google", "2.1 - Google", "{544C1B17-CEC7-4324-81C5-C7B80D877FCB}"
EndProject
Project("{2150E333-8FDC-42A3-9474-1A3956D46DE8}") = "2.2 - MapQuest", "2.2 - MapQuest", "{7010BCA5-C611-4C61-84C4-24F036DE98C7}"
EndProject
Project("{2150E333-8FDC-42A3-9474-1A3956D46DE8}") = "2.3 - Bing", "2.3 - Bing", "{E09EB5F2-8EFA-4FA3-9DE1-FCB6A6A3613A}"
EndProject
Project("{FAE04EC0-301F-11D3-BF4B-00C04F79EFBC}") = "GeoCodion.GoogleMaps", "GeoCodion.GoogleMaps\GeoCodion.GoogleMaps.csproj", "{B65B8025-EF7E-4A09-921D-C169BA645BC3}"
EndProject
Project("{FAE04EC0-301F-11D3-BF4B-00C04F79EFBC}") = "NuGet.Packager1", "NuGet.Packager1\NuGet.Packager1.csproj", "{0451BAEF-DF2E-4B98-8644-94EE9415E389}"
EndProject
Project("{FAE04EC0-301F-11D3-BF4B-00C04F79EFBC}") = "GeoCodion.GoogleMaps.Tests", "GeoCodion.GoogleMaps.Tests\GeoCodion.GoogleMaps.Tests.csproj", "{3E857F3A-CAE4-40DB-8EE8-232EE2D3140C}"
EndProject
Global
	GlobalSection(SolutionConfigurationPlatforms) = preSolution
		Debug|Any CPU = Debug|Any CPU
		Release|Any CPU = Release|Any CPU
	EndGlobalSection
	GlobalSection(ProjectConfigurationPlatforms) = postSolution
		{C7A89D48-E9CA-4A15-B73F-1171BB0B1C05}.Debug|Any CPU.ActiveCfg = Debug|Any CPU
		{C7A89D48-E9CA-4A15-B73F-1171BB0B1C05}.Debug|Any CPU.Build.0 = Debug|Any CPU
		{C7A89D48-E9CA-4A15-B73F-1171BB0B1C05}.Release|Any CPU.ActiveCfg = Release|Any CPU
		{C7A89D48-E9CA-4A15-B73F-1171BB0B1C05}.Release|Any CPU.Build.0 = Release|Any CPU
		{B65B8025-EF7E-4A09-921D-C169BA645BC3}.Debug|Any CPU.ActiveCfg = Debug|Any CPU
		{B65B8025-EF7E-4A09-921D-C169BA645BC3}.Debug|Any CPU.Build.0 = Debug|Any CPU
		{B65B8025-EF7E-4A09-921D-C169BA645BC3}.Release|Any CPU.ActiveCfg = Release|Any CPU
		{B65B8025-EF7E-4A09-921D-C169BA645BC3}.Release|Any CPU.Build.0 = Release|Any CPU
		{0451BAEF-DF2E-4B98-8644-94EE9415E389}.Debug|Any CPU.ActiveCfg = Debug|Any CPU
		{0451BAEF-DF2E-4B98-8644-94EE9415E389}.Debug|Any CPU.Build.0 = Debug|Any CPU
		{0451BAEF-DF2E-4B98-8644-94EE9415E389}.Release|Any CPU.ActiveCfg = Release|Any CPU
		{0451BAEF-DF2E-4B98-8644-94EE9415E389}.Release|Any CPU.Build.0 = Release|Any CPU
		{3E857F3A-CAE4-40DB-8EE8-232EE2D3140C}.Debug|Any CPU.ActiveCfg = Debug|Any CPU
		{3E857F3A-CAE4-40DB-8EE8-232EE2D3140C}.Debug|Any CPU.Build.0 = Debug|Any CPU
		{3E857F3A-CAE4-40DB-8EE8-232EE2D3140C}.Release|Any CPU.ActiveCfg = Release|Any CPU
		{3E857F3A-CAE4-40DB-8EE8-232EE2D3140C}.Release|Any CPU.Build.0 = Release|Any CPU
	EndGlobalSection
	GlobalSection(SolutionProperties) = preSolution
		HideSolutionNode = FALSE
	EndGlobalSection
	GlobalSection(NestedProjects) = preSolution
		{A6BD891E-61BA-4053-B163-F9CA403206D5} = {6EC73FDF-1C44-49C6-8C6C-8B43DA80B7C5}
		{19836A98-7F91-4EDC-9AA2-2AD53DDF69F0} = {6EC73FDF-1C44-49C6-8C6C-8B43DA80B7C5}
		{19A7C7AE-B073-4A05-8D5B-8D62ED0C2494} = {6EC73FDF-1C44-49C6-8C6C-8B43DA80B7C5}
		{B4E0F5F5-ADCC-4607-8C1B-4E1561D1A1AE} = {6EC73FDF-1C44-49C6-8C6C-8B43DA80B7C5}
		{269D4895-39BE-49B1-95AD-809C248119DF} = {A1EB7A33-AFB0-490F-B077-CA3FE55FDAE0}
		{BC6996B2-B63B-4381-B0B3-733F8C1DA047} = {A1EB7A33-AFB0-490F-B077-CA3FE55FDAE0}
		{ABEBF76A-751E-43A3-AD5F-C7E233689B64} = {A1EB7A33-AFB0-490F-B077-CA3FE55FDAE0}
		{C7A89D48-E9CA-4A15-B73F-1171BB0B1C05} = {A6BD891E-61BA-4053-B163-F9CA403206D5}
		{57713F89-F23B-4005-8821-9356F8EBA683} = {490E3913-25EF-4F25-B334-2FB1E69DAD68}
		{544C1B17-CEC7-4324-81C5-C7B80D877FCB} = {490E3913-25EF-4F25-B334-2FB1E69DAD68}
		{7010BCA5-C611-4C61-84C4-24F036DE98C7} = {490E3913-25EF-4F25-B334-2FB1E69DAD68}
		{E09EB5F2-8EFA-4FA3-9DE1-FCB6A6A3613A} = {490E3913-25EF-4F25-B334-2FB1E69DAD68}
		{B65B8025-EF7E-4A09-921D-C169BA645BC3} = {19836A98-7F91-4EDC-9AA2-2AD53DDF69F0}
		{0451BAEF-DF2E-4B98-8644-94EE9415E389} = {57713F89-F23B-4005-8821-9356F8EBA683}
		{3E857F3A-CAE4-40DB-8EE8-232EE2D3140C} = {269D4895-39BE-49B1-95AD-809C248119DF}
	EndGlobalSection
EndGlobal
